<?xml version="1.0" encoding="utf-8"?>
<Project ToolsVersion="4.0" xmlns="http://schemas.microsoft.com/developer/msbuild/2003">
  <ItemGroup>
    <Filter Include="Source Files">
      <UniqueIdentifier>{4FC737F1-C7A5-4376-A066-2A32D752A2FF}</UniqueIdentifier>
      <Extensions>cpp;c;cc;cxx;c++;cppm;ixx;def;odl;idl;hpj;bat;asm;asmx</Extensions>
    </Filter>
    <Filter Include="Header Files">
      <UniqueIdentifier>{93995380-89BD-4b04-88EB-625FBE52EBFB}</UniqueIdentifier>
      <Extensions>h;hh;hpp;hxx;h++;hm;inl;inc;ipp;xsd</Extensions>
    </Filter>
  </ItemGroup>
  <ItemGroup>
    <ClCompile Include="UefiMain.c">
      <Filter>Source Files</Filter>
    </ClCompile>
    <ClCompile Include="WinLoad.c">
      <Filter>Source Files</Filter>
    </ClCompile>
    <ClCompile Include="BootMgfw.c">
      <Filter>Source Files</Filter>
    </ClCompile>
    <ClCompile Include="Utils.c">
      <Filter>Source Files</Filter>
    </ClCompile>
    <ClCompile Include="PayLoad.c">
      <Filter>Source Files</Filter>
    </ClCompile>
    <ClCompile Include="SplashScreen.c">
      <Filter>Source Files</Filter>
    </ClCompile>
    <ClCompile Include="HvLoader.c">
      <Filter>Source Files</Filter>
    </ClCompile>
    <ClCompile Include="Hv.c">
      <Filter>Source Files</Filter>
    </ClCompile>
    <ClCompile Include="InlineHook.c">
      <Filter>Source Files</Filter>
    </ClCompile>
  </ItemGroup>
  <ItemGroup>
    <ClInclude Include="BootMgfw.h">
      <Filter>Header Files</Filter>
    </ClInclude>
    <ClInclude Include="WinLoad.h">
      <Filter>Header Files</Filter>
    </ClInclude>
    <ClInclude Include="Utils.h">
      <Filter>Header Files</Filter>
    </ClInclude>
    <ClInclude Include="PayLoad.h">
      <Filter>Header Files</Filter>
    </ClInclude>
    <ClInclude Include="SplashScreen.h">
      <Filter>Header Files</Filter>
    </ClInclude>
    <ClInclude Include="HvLoader.h">
      <Filter>Header Files</Filter>
    </ClInclude>
    <ClInclude Include="Hv.h">
      <Filter>Header Files</Filter>
    </ClInclude>
    <ClInclude Include="PagingTables.h">
      <Filter>Header Files</Filter>
    </ClInclude>
    <ClInclude Include="InlineHook.h">
      <Filter>Header Files</Filter>
    </ClInclude>
  </ItemGroup>
</Project>