
Microsoft Visual Studio Solution File, Format Version 12.00
# Visual Studio Version 16
VisualStudioVersion = 16.0.30503.244
MinimumVisualStudioVersion = 10.0.40219.1
Project("{8BC9CEB8-8B4A-11D0-8D11-00A0C91BC942}") = "PayLoad (Intel)", "PayLoad (Intel)\PayLoad (Intel).vcxproj", "{223D1FDE-331E-4028-9083-1673A5161C99}"
EndProject
Project("{8BC9CEB8-8B4A-11D0-8D11-00A0C91BC942}") = "PayLoad (AMD)", "PayLoad (AMD)\PayLoad (AMD).vcxproj", "{C5122D8B-DEC8-458F-9342-3A4AC3152BEF}"
EndProject
Project("{8BC9CEB8-8B4A-11D0-8D11-00A0C91BC942}") = "Voyager", "Voyager\Voyager.vcxproj", "{540D433F-C2DF-49A6-895C-F5C74B014777}"
EndProject
Project("{8BC9CEB8-8B4A-11D0-8D11-00A0C91BC942}") = "example", "example\example.vcxproj", "{1770C4FB-345F-40DD-B4A2-2A5DC8A50866}"
EndProject
Project("{8BC9CEB8-8B4A-11D0-8D11-00A0C91BC942}") = "libvoyager", "libvoyager\libvoyager.vcxproj", "{F468E79E-CC93-4A7F-844E-984117B5B08B}"
EndProject
Global
	GlobalSection(SolutionConfigurationPlatforms) = preSolution
		1507|x64 = 1507|x64
		1511|x64 = 1511|x64
		1607|x64 = 1607|x64
		1703|x64 = 1703|x64
		1709|x64 = 1709|x64
		1803|x64 = 1803|x64
		1809|x64 = 1809|x64
		1903|x64 = 1903|x64
		1909|x64 = 1909|x64
		2004|x64 = 2004|x64
		Release|x64 = Release|x64
	EndGlobalSection
	GlobalSection(ProjectConfigurationPlatforms) = postSolution
		{223D1FDE-331E-4028-9083-1673A5161C99}.1507|x64.ActiveCfg = 1507|x64
		{223D1FDE-331E-4028-9083-1673A5161C99}.1507|x64.Build.0 = 1507|x64
		{223D1FDE-331E-4028-9083-1673A5161C99}.1511|x64.ActiveCfg = 1511|x64
		{223D1FDE-331E-4028-9083-1673A5161C99}.1511|x64.Build.0 = 1511|x64
		{223D1FDE-331E-4028-9083-1673A5161C99}.1511|x64.Deploy.0 = 1511|x64
		{223D1FDE-331E-4028-9083-1673A5161C99}.1607|x64.ActiveCfg = 1607|x64
		{223D1FDE-331E-4028-9083-1673A5161C99}.1607|x64.Build.0 = 1607|x64
		{223D1FDE-331E-4028-9083-1673A5161C99}.1703|x64.ActiveCfg = 1703|x64
		{223D1FDE-331E-4028-9083-1673A5161C99}.1703|x64.Build.0 = 1703|x64
		{223D1FDE-331E-4028-9083-1673A5161C99}.1709|x64.ActiveCfg = 1709|x64
		{223D1FDE-331E-4028-9083-1673A5161C99}.1709|x64.Build.0 = 1709|x64
		{223D1FDE-331E-4028-9083-1673A5161C99}.1803|x64.ActiveCfg = 1803|x64
		{223D1FDE-331E-4028-9083-1673A5161C99}.1803|x64.Build.0 = 1803|x64
		{223D1FDE-331E-4028-9083-1673A5161C99}.1809|x64.ActiveCfg = 1809|x64
		{223D1FDE-331E-4028-9083-1673A5161C99}.1809|x64.Build.0 = 1809|x64
		{223D1FDE-331E-4028-9083-1673A5161C99}.1903|x64.ActiveCfg = 1903|x64
		{223D1FDE-331E-4028-9083-1673A5161C99}.1903|x64.Build.0 = 1903|x64
		{223D1FDE-331E-4028-9083-1673A5161C99}.1909|x64.ActiveCfg = 1909|x64
		{223D1FDE-331E-4028-9083-1673A5161C99}.1909|x64.Build.0 = 1909|x64
		{223D1FDE-331E-4028-9083-1673A5161C99}.2004|x64.ActiveCfg = 2004|x64
		{223D1FDE-331E-4028-9083-1673A5161C99}.2004|x64.Build.0 = 2004|x64
		{223D1FDE-331E-4028-9083-1673A5161C99}.Release|x64.ActiveCfg = 2004|x64
		{223D1FDE-331E-4028-9083-1673A5161C99}.Release|x64.Build.0 = 2004|x64
		{C5122D8B-DEC8-458F-9342-3A4AC3152BEF}.1507|x64.ActiveCfg = 1507|x64
		{C5122D8B-DEC8-458F-9342-3A4AC3152BEF}.1507|x64.Build.0 = 1507|x64
		{C5122D8B-DEC8-458F-9342-3A4AC3152BEF}.1511|x64.ActiveCfg = 1511|x64
		{C5122D8B-DEC8-458F-9342-3A4AC3152BEF}.1511|x64.Build.0 = 1511|x64
		{C5122D8B-DEC8-458F-9342-3A4AC3152BEF}.1607|x64.ActiveCfg = 1607|x64
		{C5122D8B-DEC8-458F-9342-3A4AC3152BEF}.1607|x64.Build.0 = 1607|x64
		{C5122D8B-DEC8-458F-9342-3A4AC3152BEF}.1703|x64.ActiveCfg = 1703|x64
		{C5122D8B-DEC8-458F-9342-3A4AC3152BEF}.1703|x64.Build.0 = 1703|x64
		{C5122D8B-DEC8-458F-9342-3A4AC3152BEF}.1709|x64.ActiveCfg = 1709|x64
		{C5122D8B-DEC8-458F-9342-3A4AC3152BEF}.1709|x64.Build.0 = 1709|x64
		{C5122D8B-DEC8-458F-9342-3A4AC3152BEF}.1803|x64.ActiveCfg = 1803|x64
		{C5122D8B-DEC8-458F-9342-3A4AC3152BEF}.1803|x64.Build.0 = 1803|x64
		{C5122D8B-DEC8-458F-9342-3A4AC3152BEF}.1809|x64.ActiveCfg = 1809|x64
		{C5122D8B-DEC8-458F-9342-3A4AC3152BEF}.1809|x64.Build.0 = 1809|x64
		{C5122D8B-DEC8-458F-9342-3A4AC3152BEF}.1903|x64.ActiveCfg = 1903|x64
		{C5122D8B-DEC8-458F-9342-3A4AC3152BEF}.1903|x64.Build.0 = 1903|x64
		{C5122D8B-DEC8-458F-9342-3A4AC3152BEF}.1909|x64.ActiveCfg = 1909|x64
		{C5122D8B-DEC8-458F-9342-3A4AC3152BEF}.1909|x64.Build.0 = 1909|x64
		{C5122D8B-DEC8-458F-9342-3A4AC3152BEF}.2004|x64.ActiveCfg = 2004|x64
		{C5122D8B-DEC8-458F-9342-3A4AC3152BEF}.2004|x64.Build.0 = 2004|x64
		{C5122D8B-DEC8-458F-9342-3A4AC3152BEF}.Release|x64.ActiveCfg = 2004|x64
		{C5122D8B-DEC8-458F-9342-3A4AC3152BEF}.Release|x64.Build.0 = 2004|x64
		{540D433F-C2DF-49A6-895C-F5C74B014777}.1507|x64.ActiveCfg = 1507|x64
		{540D433F-C2DF-49A6-895C-F5C74B014777}.1507|x64.Build.0 = 1507|x64
		{540D433F-C2DF-49A6-895C-F5C74B014777}.1511|x64.ActiveCfg = 1511|x64
		{540D433F-C2DF-49A6-895C-F5C74B014777}.1511|x64.Build.0 = 1511|x64
		{540D433F-C2DF-49A6-895C-F5C74B014777}.1607|x64.ActiveCfg = 1607|x64
		{540D433F-C2DF-49A6-895C-F5C74B014777}.1607|x64.Build.0 = 1607|x64
		{540D433F-C2DF-49A6-895C-F5C74B014777}.1703|x64.ActiveCfg = 1703|x64
		{540D433F-C2DF-49A6-895C-F5C74B014777}.1703|x64.Build.0 = 1703|x64
		{540D433F-C2DF-49A6-895C-F5C74B014777}.1709|x64.ActiveCfg = 1709|x64
		{540D433F-C2DF-49A6-895C-F5C74B014777}.1709|x64.Build.0 = 1709|x64
		{540D433F-C2DF-49A6-895C-F5C74B014777}.1803|x64.ActiveCfg = 1803|x64
		{540D433F-C2DF-49A6-895C-F5C74B014777}.1803|x64.Build.0 = 1803|x64
		{540D433F-C2DF-49A6-895C-F5C74B014777}.1809|x64.ActiveCfg = 1809|x64
		{540D433F-C2DF-49A6-895C-F5C74B014777}.1809|x64.Build.0 = 1809|x64
		{540D433F-C2DF-49A6-895C-F5C74B014777}.1903|x64.ActiveCfg = 1903|x64
		{540D433F-C2DF-49A6-895C-F5C74B014777}.1903|x64.Build.0 = 1903|x64
		{540D433F-C2DF-49A6-895C-F5C74B014777}.1909|x64.ActiveCfg = 1909|x64
		{540D433F-C2DF-49A6-895C-F5C74B014777}.1909|x64.Build.0 = 1909|x64
		{540D433F-C2DF-49A6-895C-F5C74B014777}.2004|x64.ActiveCfg = 2004|x64
		{540D433F-C2DF-49A6-895C-F5C74B014777}.2004|x64.Build.0 = 2004|x64
		{540D433F-C2DF-49A6-895C-F5C74B014777}.Release|x64.ActiveCfg = 2004|x64
		{540D433F-C2DF-49A6-895C-F5C74B014777}.Release|x64.Build.0 = 2004|x64
		{1770C4FB-345F-40DD-B4A2-2A5DC8A50866}.1507|x64.ActiveCfg = Release|x64
		{1770C4FB-345F-40DD-B4A2-2A5DC8A50866}.1507|x64.Build.0 = Release|x64
		{1770C4FB-345F-40DD-B4A2-2A5DC8A50866}.1511|x64.ActiveCfg = Release|x64
		{1770C4FB-345F-40DD-B4A2-2A5DC8A50866}.1511|x64.Build.0 = Release|x64
		{1770C4FB-345F-40DD-B4A2-2A5DC8A50866}.1607|x64.ActiveCfg = Release|x64
		{1770C4FB-345F-40DD-B4A2-2A5DC8A50866}.1607|x64.Build.0 = Release|x64
		{1770C4FB-345F-40DD-B4A2-2A5DC8A50866}.1703|x64.ActiveCfg = Release|x64
		{1770C4FB-345F-40DD-B4A2-2A5DC8A50866}.1703|x64.Build.0 = Release|x64
		{1770C4FB-345F-40DD-B4A2-2A5DC8A50866}.1709|x64.ActiveCfg = Release|x64
		{1770C4FB-345F-40DD-B4A2-2A5DC8A50866}.1709|x64.Build.0 = Release|x64
		{1770C4FB-345F-40DD-B4A2-2A5DC8A50866}.1803|x64.ActiveCfg = Release|x64
		{1770C4FB-345F-40DD-B4A2-2A5DC8A50866}.1803|x64.Build.0 = Release|x64
		{1770C4FB-345F-40DD-B4A2-2A5DC8A50866}.1809|x64.ActiveCfg = Release|x64
		{1770C4FB-345F-40DD-B4A2-2A5DC8A50866}.1809|x64.Build.0 = Release|x64
		{1770C4FB-345F-40DD-B4A2-2A5DC8A50866}.1903|x64.ActiveCfg = Release|x64
		{1770C4FB-345F-40DD-B4A2-2A5DC8A50866}.1903|x64.Build.0 = Release|x64
		{1770C4FB-345F-40DD-B4A2-2A5DC8A50866}.1909|x64.ActiveCfg = Release|x64
		{1770C4FB-345F-40DD-B4A2-2A5DC8A50866}.1909|x64.Build.0 = Release|x64
		{1770C4FB-345F-40DD-B4A2-2A5DC8A50866}.2004|x64.ActiveCfg = Release|x64
		{1770C4FB-345F-40DD-B4A2-2A5DC8A50866}.2004|x64.Build.0 = Release|x64
		{1770C4FB-345F-40DD-B4A2-2A5DC8A50866}.Release|x64.ActiveCfg = Release|x64
		{1770C4FB-345F-40DD-B4A2-2A5DC8A50866}.Release|x64.Build.0 = Release|x64
		{F468E79E-CC93-4A7F-844E-984117B5B08B}.1507|x64.ActiveCfg = Release|x64
		{F468E79E-CC93-4A7F-844E-984117B5B08B}.1507|x64.Build.0 = Release|x64
		{F468E79E-CC93-4A7F-844E-984117B5B08B}.1511|x64.ActiveCfg = Release|x64
		{F468E79E-CC93-4A7F-844E-984117B5B08B}.1511|x64.Build.0 = Release|x64
		{F468E79E-CC93-4A7F-844E-984117B5B08B}.1607|x64.ActiveCfg = Release|x64
		{F468E79E-CC93-4A7F-844E-984117B5B08B}.1607|x64.Build.0 = Release|x64
		{F468E79E-CC93-4A7F-844E-984117B5B08B}.1703|x64.ActiveCfg = Release|x64
		{F468E79E-CC93-4A7F-844E-984117B5B08B}.1703|x64.Build.0 = Release|x64
		{F468E79E-CC93-4A7F-844E-984117B5B08B}.1709|x64.ActiveCfg = Release|x64
		{F468E79E-CC93-4A7F-844E-984117B5B08B}.1709|x64.Build.0 = Release|x64
		{F468E79E-CC93-4A7F-844E-984117B5B08B}.1803|x64.ActiveCfg = Release|x64
		{F468E79E-CC93-4A7F-844E-984117B5B08B}.1803|x64.Build.0 = Release|x64
		{F468E79E-CC93-4A7F-844E-984117B5B08B}.1809|x64.ActiveCfg = Release|x64
		{F468E79E-CC93-4A7F-844E-984117B5B08B}.1809|x64.Build.0 = Release|x64
		{F468E79E-CC93-4A7F-844E-984117B5B08B}.1903|x64.ActiveCfg = Release|x64
		{F468E79E-CC93-4A7F-844E-984117B5B08B}.1903|x64.Build.0 = Release|x64
		{F468E79E-CC93-4A7F-844E-984117B5B08B}.1909|x64.ActiveCfg = Release|x64
		{F468E79E-CC93-4A7F-844E-984117B5B08B}.1909|x64.Build.0 = Release|x64
		{F468E79E-CC93-4A7F-844E-984117B5B08B}.2004|x64.ActiveCfg = Release|x64
		{F468E79E-CC93-4A7F-844E-984117B5B08B}.2004|x64.Build.0 = Release|x64
		{F468E79E-CC93-4A7F-844E-984117B5B08B}.Release|x64.ActiveCfg = Release|x64
		{F468E79E-CC93-4A7F-844E-984117B5B08B}.Release|x64.Build.0 = Release|x64
	EndGlobalSection
	GlobalSection(SolutionProperties) = preSolution
		HideSolutionNode = FALSE
	EndGlobalSection
	GlobalSection(ExtensibilityGlobals) = postSolution
		SolutionGuid = {8471BE1E-8BEA-4731-A57A-A1569FF59915}
	EndGlobalSection
EndGlobal
